// !$*UTF8*$!
{
	archiveVersion = 1;
	classes = {
	};
	objectVersion = 55;
	objects = {

/* Begin PBXBuildFile section */
		464DF8B02834088A0070D8E9 /* BaseViewController.swift in Sources */ = {isa = PBXBuildFile; fileRef = 464DF8AF2834088A0070D8E9 /* BaseViewController.swift */; };
		464DF8B52834132C0070D8E9 /* Date+StringConversion.swift in Sources */ = {isa = PBXBuildFile; fileRef = 464DF8B42834132C0070D8E9 /* Date+StringConversion.swift */; };
		464DF8B7283434580070D8E9 /* Constants.swift in Sources */ = {isa = PBXBuildFile; fileRef = 464DF8B6283434580070D8E9 /* Constants.swift */; };
		46A2FC392838014B0066B6A1 /* String+DateConversion.swift in Sources */ = {isa = PBXBuildFile; fileRef = 46A2FC382838014B0066B6A1 /* String+DateConversion.swift */; };
		46A2FC3B28380FB80066B6A1 /* ImageLoader.swift in Sources */ = {isa = PBXBuildFile; fileRef = 46A2FC3A28380FB80066B6A1 /* ImageLoader.swift */; };
		46FCA6992833EB980073CAFB /* AppDelegate.swift in Sources */ = {isa = PBXBuildFile; fileRef = 46FCA6982833EB980073CAFB /* AppDelegate.swift */; };
		46FCA69D2833EB980073CAFB /* CurrentTempViewController.swift in Sources */ = {isa = PBXBuildFile; fileRef = 46FCA69C2833EB980073CAFB /* CurrentTempViewController.swift */; };
		46FCA6A02833EB980073CAFB /* Main.storyboard in Resources */ = {isa = PBXBuildFile; fileRef = 46FCA69E2833EB980073CAFB /* Main.storyboard */; };
		46FCA6A22833EB980073CAFB /* Assets.xcassets in Resources */ = {isa = PBXBuildFile; fileRef = 46FCA6A12833EB980073CAFB /* Assets.xcassets */; };
		46FCA6A52833EB980073CAFB /* LaunchScreen.storyboard in Resources */ = {isa = PBXBuildFile; fileRef = 46FCA6A32833EB980073CAFB /* LaunchScreen.storyboard */; };
		46FCA6B02833EB980073CAFB /* WeatherTheStormTests.swift in Sources */ = {isa = PBXBuildFile; fileRef = 46FCA6AF2833EB980073CAFB /* WeatherTheStormTests.swift */; };
		46FCA6BA2833EB980073CAFB /* WeatherTheStormUITests.swift in Sources */ = {isa = PBXBuildFile; fileRef = 46FCA6B92833EB980073CAFB /* WeatherTheStormUITests.swift */; };
		46FCA6BC2833EB980073CAFB /* WeatherTheStormUITestsLaunchTests.swift in Sources */ = {isa = PBXBuildFile; fileRef = 46FCA6BB2833EB980073CAFB /* WeatherTheStormUITestsLaunchTests.swift */; };
		46FCA6C92833ECB40073CAFB /* ForecastViewController.swift in Sources */ = {isa = PBXBuildFile; fileRef = 46FCA6C82833ECB30073CAFB /* ForecastViewController.swift */; };
		46FCA6CB2833ED210073CAFB /* Networking.swift in Sources */ = {isa = PBXBuildFile; fileRef = 46FCA6CA2833ED210073CAFB /* Networking.swift */; };
		46FCA6CD2833ED6E0073CAFB /* Models.swift in Sources */ = {isa = PBXBuildFile; fileRef = 46FCA6CC2833ED6E0073CAFB /* Models.swift */; };
		46FCA6CF2833EDB20073CAFB /* ForecastCell.swift in Sources */ = {isa = PBXBuildFile; fileRef = 46FCA6CE2833EDB20073CAFB /* ForecastCell.swift */; };
/* End PBXBuildFile section */

/* Begin PBXContainerItemProxy section */
		46FCA6AC2833EB980073CAFB /* PBXContainerItemProxy */ = {
			isa = PBXContainerItemProxy;
			containerPortal = 46FCA68D2833EB980073CAFB /* Project object */;
			proxyType = 1;
			remoteGlobalIDString = 46FCA6942833EB980073CAFB;
			remoteInfo = WeatherTheStorm;
		};
		46FCA6B62833EB980073CAFB /* PBXContainerItemProxy */ = {
			isa = PBXContainerItemProxy;
			containerPortal = 46FCA68D2833EB980073CAFB /* Project object */;
			proxyType = 1;
			remoteGlobalIDString = 46FCA6942833EB980073CAFB;
			remoteInfo = WeatherTheStorm;
		};
/* End PBXContainerItemProxy section */

/* Begin PBXFileReference section */
		464DF8AF2834088A0070D8E9 /* BaseViewController.swift */ = {isa = PBXFileReference; lastKnownFileType = sourcecode.swift; path = BaseViewController.swift; sourceTree = "<group>"; };
		464DF8B42834132C0070D8E9 /* Date+StringConversion.swift */ = {isa = PBXFileReference; lastKnownFileType = sourcecode.swift; path = "Date+StringConversion.swift"; sourceTree = "<group>"; };
		464DF8B6283434580070D8E9 /* Constants.swift */ = {isa = PBXFileReference; lastKnownFileType = sourcecode.swift; path = Constants.swift; sourceTree = "<group>"; };
		46A2FC382838014B0066B6A1 /* String+DateConversion.swift */ = {isa = PBXFileReference; lastKnownFileType = sourcecode.swift; path = "String+DateConversion.swift"; sourceTree = "<group>"; };
		46A2FC3A28380FB80066B6A1 /* ImageLoader.swift */ = {isa = PBXFileReference; lastKnownFileType = sourcecode.swift; path = ImageLoader.swift; sourceTree = "<group>"; };
		46FCA6952833EB980073CAFB /* WeatherTheStorm.app */ = {isa = PBXFileReference; explicitFileType = wrapper.application; includeInIndex = 0; path = WeatherTheStorm.app; sourceTree = BUILT_PRODUCTS_DIR; };
		46FCA6982833EB980073CAFB /* AppDelegate.swift */ = {isa = PBXFileReference; lastKnownFileType = sourcecode.swift; path = AppDelegate.swift; sourceTree = "<group>"; };
		46FCA69C2833EB980073CAFB /* CurrentTempViewController.swift */ = {isa = PBXFileReference; lastKnownFileType = sourcecode.swift; path = CurrentTempViewController.swift; sourceTree = "<group>"; };
		46FCA69F2833EB980073CAFB /* Base */ = {isa = PBXFileReference; lastKnownFileType = file.storyboard; name = Base; path = Base.lproj/Main.storyboard; sourceTree = "<group>"; };
		46FCA6A12833EB980073CAFB /* Assets.xcassets */ = {isa = PBXFileReference; lastKnownFileType = folder.assetcatalog; path = Assets.xcassets; sourceTree = "<group>"; };
		46FCA6A42833EB980073CAFB /* Base */ = {isa = PBXFileReference; lastKnownFileType = file.storyboard; name = Base; path = Base.lproj/LaunchScreen.storyboard; sourceTree = "<group>"; };
		46FCA6A62833EB980073CAFB /* Info.plist */ = {isa = PBXFileReference; lastKnownFileType = text.plist.xml; path = Info.plist; sourceTree = "<group>"; };
		46FCA6AB2833EB980073CAFB /* WeatherTheStormTests.xctest */ = {isa = PBXFileReference; explicitFileType = wrapper.cfbundle; includeInIndex = 0; path = WeatherTheStormTests.xctest; sourceTree = BUILT_PRODUCTS_DIR; };
		46FCA6AF2833EB980073CAFB /* WeatherTheStormTests.swift */ = {isa = PBXFileReference; lastKnownFileType = sourcecode.swift; path = WeatherTheStormTests.swift; sourceTree = "<group>"; };
		46FCA6B52833EB980073CAFB /* WeatherTheStormUITests.xctest */ = {isa = PBXFileReference; explicitFileType = wrapper.cfbundle; includeInIndex = 0; path = WeatherTheStormUITests.xctest; sourceTree = BUILT_PRODUCTS_DIR; };
		46FCA6B92833EB980073CAFB /* WeatherTheStormUITests.swift */ = {isa = PBXFileReference; lastKnownFileType = sourcecode.swift; path = WeatherTheStormUITests.swift; sourceTree = "<group>"; };
		46FCA6BB2833EB980073CAFB /* WeatherTheStormUITestsLaunchTests.swift */ = {isa = PBXFileReference; lastKnownFileType = sourcecode.swift; path = WeatherTheStormUITestsLaunchTests.swift; sourceTree = "<group>"; };
		46FCA6C82833ECB30073CAFB /* ForecastViewController.swift */ = {isa = PBXFileReference; lastKnownFileType = sourcecode.swift; path = ForecastViewController.swift; sourceTree = "<group>"; };
		46FCA6CA2833ED210073CAFB /* Networking.swift */ = {isa = PBXFileReference; lastKnownFileType = sourcecode.swift; path = Networking.swift; sourceTree = "<group>"; };
		46FCA6CC2833ED6E0073CAFB /* Models.swift */ = {isa = PBXFileReference; lastKnownFileType = sourcecode.swift; path = Models.swift; sourceTree = "<group>"; };
		46FCA6CE2833EDB20073CAFB /* ForecastCell.swift */ = {isa = PBXFileReference; lastKnownFileType = sourcecode.swift; path = ForecastCell.swift; sourceTree = "<group>"; };
/* End PBXFileReference section */

/* Begin PBXFrameworksBuildPhase section */
		46FCA6922833EB980073CAFB /* Frameworks */ = {
			isa = PBXFrameworksBuildPhase;
			buildActionMask = 2147483647;
			files = (
			);
			runOnlyForDeploymentPostprocessing = 0;
		};
		46FCA6A82833EB980073CAFB /* Frameworks */ = {
			isa = PBXFrameworksBuildPhase;
			buildActionMask = 2147483647;
			files = (
			);
			runOnlyForDeploymentPostprocessing = 0;
		};
		46FCA6B22833EB980073CAFB /* Frameworks */ = {
			isa = PBXFrameworksBuildPhase;
			buildActionMask = 2147483647;
			files = (
			);
			runOnlyForDeploymentPostprocessing = 0;
		};
/* End PBXFrameworksBuildPhase section */

/* Begin PBXGroup section */
		464DF8B1283410AC0070D8E9 /* Views */ = {
			isa = PBXGroup;
			children = (
				46FCA6CE2833EDB20073CAFB /* ForecastCell.swift */,
				46FCA6C82833ECB30073CAFB /* ForecastViewController.swift */,
				46FCA69C2833EB980073CAFB /* CurrentTempViewController.swift */,
				464DF8AF2834088A0070D8E9 /* BaseViewController.swift */,
			);
			path = Views;
			sourceTree = "<group>";
		};
		464DF8B2283410C20070D8E9 /* Network */ = {
			isa = PBXGroup;
			children = (
				46FCA6CA2833ED210073CAFB /* Networking.swift */,
				46A2FC3A28380FB80066B6A1 /* ImageLoader.swift */,
			);
			path = Network;
			sourceTree = "<group>";
		};
		464DF8B3283410DB0070D8E9 /* Data */ = {
			isa = PBXGroup;
			children = (
				46FCA6CC2833ED6E0073CAFB /* Models.swift */,
				464DF8B42834132C0070D8E9 /* Date+StringConversion.swift */,
				46A2FC382838014B0066B6A1 /* String+DateConversion.swift */,
				464DF8B6283434580070D8E9 /* Constants.swift */,
			);
			path = Data;
			sourceTree = "<group>";
		};
		46FCA68C2833EB980073CAFB = {
			isa = PBXGroup;
			children = (
				46FCA6972833EB980073CAFB /* WeatherTheStorm */,
				46FCA6AE2833EB980073CAFB /* WeatherTheStormTests */,
				46FCA6B82833EB980073CAFB /* WeatherTheStormUITests */,
				46FCA6962833EB980073CAFB /* Products */,
			);
			sourceTree = "<group>";
		};
		46FCA6962833EB980073CAFB /* Products */ = {
			isa = PBXGroup;
			children = (
				46FCA6952833EB980073CAFB /* WeatherTheStorm.app */,
				46FCA6AB2833EB980073CAFB /* WeatherTheStormTests.xctest */,
				46FCA6B52833EB980073CAFB /* WeatherTheStormUITests.xctest */,
			);
			name = Products;
			sourceTree = "<group>";
		};
		46FCA6972833EB980073CAFB /* WeatherTheStorm */ = {
			isa = PBXGroup;
			children = (
				46FCA6982833EB980073CAFB /* AppDelegate.swift */,
				464DF8B3283410DB0070D8E9 /* Data */,
				464DF8B2283410C20070D8E9 /* Network */,
				464DF8B1283410AC0070D8E9 /* Views */,
				46FCA69E2833EB980073CAFB /* Main.storyboard */,
				46FCA6A32833EB980073CAFB /* LaunchScreen.storyboard */,
				46FCA6A12833EB980073CAFB /* Assets.xcassets */,
				46FCA6A62833EB980073CAFB /* Info.plist */,
			);
			path = WeatherTheStorm;
			sourceTree = "<group>";
		};
		46FCA6AE2833EB980073CAFB /* WeatherTheStormTests */ = {
			isa = PBXGroup;
			children = (
				46FCA6AF2833EB980073CAFB /* WeatherTheStormTests.swift */,
			);
			path = WeatherTheStormTests;
			sourceTree = "<group>";
		};
		46FCA6B82833EB980073CAFB /* WeatherTheStormUITests */ = {
			isa = PBXGroup;
			children = (
				46FCA6B92833EB980073CAFB /* WeatherTheStormUITests.swift */,
				46FCA6BB2833EB980073CAFB /* WeatherTheStormUITestsLaunchTests.swift */,
			);
			path = WeatherTheStormUITests;
			sourceTree = "<group>";
		};
/* End PBXGroup section */

/* Begin PBXNativeTarget section */
		46FCA6942833EB980073CAFB /* WeatherTheStorm */ = {
			isa = PBXNativeTarget;
			buildConfigurationList = 46FCA6BF2833EB980073CAFB /* Build configuration list for PBXNativeTarget "WeatherTheStorm" */;
			buildPhases = (
				46FCA6912833EB980073CAFB /* Sources */,
				46FCA6922833EB980073CAFB /* Frameworks */,
				46FCA6932833EB980073CAFB /* Resources */,
			);
			buildRules = (
			);
			dependencies = (
			);
			name = WeatherTheStorm;
			productName = WeatherTheStorm;
			productReference = 46FCA6952833EB980073CAFB /* WeatherTheStorm.app */;
			productType = "com.apple.product-type.application";
		};
		46FCA6AA2833EB980073CAFB /* WeatherTheStormTests */ = {
			isa = PBXNativeTarget;
			buildConfigurationList = 46FCA6C22833EB980073CAFB /* Build configuration list for PBXNativeTarget "WeatherTheStormTests" */;
			buildPhases = (
				46FCA6A72833EB980073CAFB /* Sources */,
				46FCA6A82833EB980073CAFB /* Frameworks */,
				46FCA6A92833EB980073CAFB /* Resources */,
			);
			buildRules = (
			);
			dependencies = (
				46FCA6AD2833EB980073CAFB /* PBXTargetDependency */,
			);
			name = WeatherTheStormTests;
			productName = WeatherTheStormTests;
			productReference = 46FCA6AB2833EB980073CAFB /* WeatherTheStormTests.xctest */;
			productType = "com.apple.product-type.bundle.unit-test";
		};
		46FCA6B42833EB980073CAFB /* WeatherTheStormUITests */ = {
			isa = PBXNativeTarget;
			buildConfigurationList = 46FCA6C52833EB980073CAFB /* Build configuration list for PBXNativeTarget "WeatherTheStormUITests" */;
			buildPhases = (
				46FCA6B12833EB980073CAFB /* Sources */,
				46FCA6B22833EB980073CAFB /* Frameworks */,
				46FCA6B32833EB980073CAFB /* Resources */,
			);
			buildRules = (
			);
			dependencies = (
				46FCA6B72833EB980073CAFB /* PBXTargetDependency */,
			);
			name = WeatherTheStormUITests;
			productName = WeatherTheStormUITests;
			productReference = 46FCA6B52833EB980073CAFB /* WeatherTheStormUITests.xctest */;
			productType = "com.apple.product-type.bundle.ui-testing";
		};
/* End PBXNativeTarget section */

/* Begin PBXProject section */
		46FCA68D2833EB980073CAFB /* Project object */ = {
			isa = PBXProject;
			attributes = {
				BuildIndependentTargetsInParallel = 1;
				LastSwiftUpdateCheck = 1320;
				LastUpgradeCheck = 1320;
				TargetAttributes = {
					46FCA6942833EB980073CAFB = {
						CreatedOnToolsVersion = 13.2.1;
					};
					46FCA6AA2833EB980073CAFB = {
						CreatedOnToolsVersion = 13.2.1;
						TestTargetID = 46FCA6942833EB980073CAFB;
					};
					46FCA6B42833EB980073CAFB = {
						CreatedOnToolsVersion = 13.2.1;
						TestTargetID = 46FCA6942833EB980073CAFB;
					};
				};
			};
			buildConfigurationList = 46FCA6902833EB980073CAFB /* Build configuration list for PBXProject "WeatherTheStorm" */;
			compatibilityVersion = "Xcode 13.0";
			developmentRegion = en;
			hasScannedForEncodings = 0;
			knownRegions = (
				en,
				Base,
			);
			mainGroup = 46FCA68C2833EB980073CAFB;
			productRefGroup = 46FCA6962833EB980073CAFB /* Products */;
			projectDirPath = "";
			projectRoot = "";
			targets = (
				46FCA6942833EB980073CAFB /* WeatherTheStorm */,
				46FCA6AA2833EB980073CAFB /* WeatherTheStormTests */,
				46FCA6B42833EB980073CAFB /* WeatherTheStormUITests */,
			);
		};
/* End PBXProject section */

/* Begin PBXResourcesBuildPhase section */
		46FCA6932833EB980073CAFB /* Resources */ = {
			isa = PBXResourcesBuildPhase;
			buildActionMask = 2147483647;
			files = (
				46FCA6A52833EB980073CAFB /* LaunchScreen.storyboard in Resources */,
				46FCA6A22833EB980073CAFB /* Assets.xcassets in Resources */,
				46FCA6A02833EB980073CAFB /* Main.storyboard in Resources */,
			);
			runOnlyForDeploymentPostprocessing = 0;
		};
		46FCA6A92833EB980073CAFB /* Resources */ = {
			isa = PBXResourcesBuildPhase;
			buildActionMask = 2147483647;
			files = (
			);
			runOnlyForDeploymentPostprocessing = 0;
		};
		46FCA6B32833EB980073CAFB /* Resources */ = {
			isa = PBXResourcesBuildPhase;
			buildActionMask = 2147483647;
			files = (
			);
			runOnlyForDeploymentPostprocessing = 0;
		};
/* End PBXResourcesBuildPhase section */

/* Begin PBXSourcesBuildPhase section */
		46FCA6912833EB980073CAFB /* Sources */ = {
			isa = PBXSourcesBuildPhase;
			buildActionMask = 2147483647;
			files = (
				46FCA69D2833EB980073CAFB /* CurrentTempViewController.swift in Sources */,
				464DF8B7283434580070D8E9 /* Constants.swift in Sources */,
				46A2FC392838014B0066B6A1 /* String+DateConversion.swift in Sources */,
				464DF8B52834132C0070D8E9 /* Date+StringConversion.swift in Sources */,
				46FCA6992833EB980073CAFB /* AppDelegate.swift in Sources */,
				46A2FC3B28380FB80066B6A1 /* ImageLoader.swift in Sources */,
				46FCA6C92833ECB40073CAFB /* ForecastViewController.swift in Sources */,
				46FCA6CB2833ED210073CAFB /* Networking.swift in Sources */,
				464DF8B02834088A0070D8E9 /* BaseViewController.swift in Sources */,
				46FCA6CF2833EDB20073CAFB /* ForecastCell.swift in Sources */,
				46FCA6CD2833ED6E0073CAFB /* Models.swift in Sources */,
			);
			runOnlyForDeploymentPostprocessing = 0;
		};
		46FCA6A72833EB980073CAFB /* Sources */ = {
			isa = PBXSourcesBuildPhase;
			buildActionMask = 2147483647;
			files = (
				46FCA6B02833EB980073CAFB /* WeatherTheStormTests.swift in Sources */,
			);
			runOnlyForDeploymentPostprocessing = 0;
		};
		46FCA6B12833EB980073CAFB /* Sources */ = {
			isa = PBXSourcesBuildPhase;
			buildActionMask = 2147483647;
			files = (
				46FCA6BA2833EB980073CAFB /* WeatherTheStormUITests.swift in Sources */,
				46FCA6BC2833EB980073CAFB /* WeatherTheStormUITestsLaunchTests.swift in Sources */,
			);
			runOnlyForDeploymentPostprocessing = 0;
		};
/* End PBXSourcesBuildPhase section */

/* Begin PBXTargetDependency section */
		46FCA6AD2833EB980073CAFB /* PBXTargetDependency */ = {
			isa = PBXTargetDependency;
			target = 46FCA6942833EB980073CAFB /* WeatherTheStorm */;
			targetProxy = 46FCA6AC2833EB980073CAFB /* PBXContainerItemProxy */;
		};
		46FCA6B72833EB980073CAFB /* PBXTargetDependency */ = {
			isa = PBXTargetDependency;
			target = 46FCA6942833EB980073CAFB /* WeatherTheStorm */;
			targetProxy = 46FCA6B62833EB980073CAFB /* PBXContainerItemProxy */;
		};
/* End PBXTargetDependency section */

/* Begin PBXVariantGroup section */
		46FCA69E2833EB980073CAFB /* Main.storyboard */ = {
			isa = PBXVariantGroup;
			children = (
				46FCA69F2833EB980073CAFB /* Base */,
			);
			name = Main.storyboard;
			sourceTree = "<group>";
		};
		46FCA6A32833EB980073CAFB /* LaunchScreen.storyboard */ = {
			isa = PBXVariantGroup;
			children = (
				46FCA6A42833EB980073CAFB /* Base */,
			);
			name = LaunchScreen.storyboard;
			sourceTree = "<group>";
		};
/* End PBXVariantGroup section */

/* Begin XCBuildConfiguration section */
		46FCA6BD2833EB980073CAFB /* Debug */ = {
			isa = XCBuildConfiguration;
			buildSettings = {
				ALWAYS_SEARCH_USER_PATHS = NO;
				CLANG_ANALYZER_NONNULL = YES;
				CLANG_ANALYZER_NUMBER_OBJECT_CONVERSION = YES_AGGRESSIVE;
				CLANG_CXX_LANGUAGE_STANDARD = "gnu++17";
				CLANG_CXX_LIBRARY = "libc++";
				CLANG_ENABLE_MODULES = YES;
				CLANG_ENABLE_OBJC_ARC = YES;
				CLANG_ENABLE_OBJC_WEAK = YES;
				CLANG_WARN_BLOCK_CAPTURE_AUTORELEASING = YES;
				CLANG_WARN_BOOL_CONVERSION = YES;
				CLANG_WARN_COMMA = YES;
				CLANG_WARN_CONSTANT_CONVERSION = YES;
				CLANG_WARN_DEPRECATED_OBJC_IMPLEMENTATIONS = YES;
				CLANG_WARN_DIRECT_OBJC_ISA_USAGE = YES_ERROR;
				CLANG_WARN_DOCUMENTATION_COMMENTS = YES;
				CLANG_WARN_EMPTY_BODY = YES;
				CLANG_WARN_ENUM_CONVERSION = YES;
				CLANG_WARN_INFINITE_RECURSION = YES;
				CLANG_WARN_INT_CONVERSION = YES;
				CLANG_WARN_NON_LITERAL_NULL_CONVERSION = YES;
				CLANG_WARN_OBJC_IMPLICIT_RETAIN_SELF = YES;
				CLANG_WARN_OBJC_LITERAL_CONVERSION = YES;
				CLANG_WARN_OBJC_ROOT_CLASS = YES_ERROR;
				CLANG_WARN_QUOTED_INCLUDE_IN_FRAMEWORK_HEADER = YES;
				CLANG_WARN_RANGE_LOOP_ANALYSIS = YES;
				CLANG_WARN_STRICT_PROTOTYPES = YES;
				CLANG_WARN_SUSPICIOUS_MOVE = YES;
				CLANG_WARN_UNGUARDED_AVAILABILITY = YES_AGGRESSIVE;
				CLANG_WARN_UNREACHABLE_CODE = YES;
				CLANG_WARN__DUPLICATE_METHOD_MATCH = YES;
				COPY_PHASE_STRIP = NO;
				DEBUG_INFORMATION_FORMAT = dwarf;
				ENABLE_STRICT_OBJC_MSGSEND = YES;
				ENABLE_TESTABILITY = YES;
				GCC_C_LANGUAGE_STANDARD = gnu11;
				GCC_DYNAMIC_NO_PIC = NO;
				GCC_NO_COMMON_BLOCKS = YES;
				GCC_OPTIMIZATION_LEVEL = 0;
				GCC_PREPROCESSOR_DEFINITIONS = (
					"DEBUG=1",
					"$(inherited)",
				);
				GCC_WARN_64_TO_32_BIT_CONVERSION = YES;
				GCC_WARN_ABOUT_RETURN_TYPE = YES_ERROR;
				GCC_WARN_UNDECLARED_SELECTOR = YES;
				GCC_WARN_UNINITIALIZED_AUTOS = YES_AGGRESSIVE;
				GCC_WARN_UNUSED_FUNCTION = YES;
				GCC_WARN_UNUSED_VARIABLE = YES;
				IPHONEOS_DEPLOYMENT_TARGET = 15.2;
				MTL_ENABLE_DEBUG_INFO = INCLUDE_SOURCE;
				MTL_FAST_MATH = YES;
				ONLY_ACTIVE_ARCH = YES;
				SDKROOT = iphoneos;
				SWIFT_ACTIVE_COMPILATION_CONDITIONS = DEBUG;
				SWIFT_OPTIMIZATION_LEVEL = "-Onone";
			};
			name = Debug;
		};
		46FCA6BE2833EB980073CAFB /* Release */ = {
			isa = XCBuildConfiguration;
			buildSettings = {
				ALWAYS_SEARCH_USER_PATHS = NO;
				CLANG_ANALYZER_NONNULL = YES;
				CLANG_ANALYZER_NUMBER_OBJECT_CONVERSION = YES_AGGRESSIVE;
				CLANG_CXX_LANGUAGE_STANDARD = "gnu++17";
				CLANG_CXX_LIBRARY = "libc++";
				CLANG_ENABLE_MODULES = YES;
				CLANG_ENABLE_OBJC_ARC = YES;
				CLANG_ENABLE_OBJC_WEAK = YES;
				CLANG_WARN_BLOCK_CAPTURE_AUTORELEASING = YES;
				CLANG_WARN_BOOL_CONVERSION = YES;
				CLANG_WARN_COMMA = YES;
				CLANG_WARN_CONSTANT_CONVERSION = YES;
				CLANG_WARN_DEPRECATED_OBJC_IMPLEMENTATIONS = YES;
				CLANG_WARN_DIRECT_OBJC_ISA_USAGE = YES_ERROR;
				CLANG_WARN_DOCUMENTATION_COMMENTS = YES;
				CLANG_WARN_EMPTY_BODY = YES;
				CLANG_WARN_ENUM_CONVERSION = YES;
				CLANG_WARN_INFINITE_RECURSION = YES;
				CLANG_WARN_INT_CONVERSION = YES;
				CLANG_WARN_NON_LITERAL_NULL_CONVERSION = YES;
				CLANG_WARN_OBJC_IMPLICIT_RETAIN_SELF = YES;
				CLANG_WARN_OBJC_LITERAL_CONVERSION = YES;
				CLANG_WARN_OBJC_ROOT_CLASS = YES_ERROR;
				CLANG_WARN_QUOTED_INCLUDE_IN_FRAMEWORK_HEADER = YES;
				CLANG_WARN_RANGE_LOOP_ANALYSIS = YES;
				CLANG_WARN_STRICT_PROTOTYPES = YES;
				CLANG_WARN_SUSPICIOUS_MOVE = YES;
				CLANG_WARN_UNGUARDED_AVAILABILITY = YES_AGGRESSIVE;
				CLANG_WARN_UNREACHABLE_CODE = YES;
				CLANG_WARN__DUPLICATE_METHOD_MATCH = YES;
				COPY_PHASE_STRIP = NO;
				DEBUG_INFORMATION_FORMAT = "dwarf-with-dsym";
				ENABLE_NS_ASSERTIONS = NO;
				ENABLE_STRICT_OBJC_MSGSEND = YES;
				GCC_C_LANGUAGE_STANDARD = gnu11;
				GCC_NO_COMMON_BLOCKS = YES;
				GCC_WARN_64_TO_32_BIT_CONVERSION = YES;
				GCC_WARN_ABOUT_RETURN_TYPE = YES_ERROR;
				GCC_WARN_UNDECLARED_SELECTOR = YES;
				GCC_WARN_UNINITIALIZED_AUTOS = YES_AGGRESSIVE;
				GCC_WARN_UNUSED_FUNCTION = YES;
				GCC_WARN_UNUSED_VARIABLE = YES;
				IPHONEOS_DEPLOYMENT_TARGET = 15.2;
				MTL_ENABLE_DEBUG_INFO = NO;
				MTL_FAST_MATH = YES;
				SDKROOT = iphoneos;
				SWIFT_COMPILATION_MODE = wholemodule;
				SWIFT_OPTIMIZATION_LEVEL = "-O";
				VALIDATE_PRODUCT = YES;
			};
			name = Release;
		};
		46FCA6C02833EB980073CAFB /* Debug */ = {
			isa = XCBuildConfiguration;
			buildSettings = {
				ASSETCATALOG_COMPILER_APPICON_NAME = AppIcon;
				ASSETCATALOG_COMPILER_GLOBAL_ACCENT_COLOR_NAME = AccentColor;
				CODE_SIGN_STYLE = Automatic;
				CURRENT_PROJECT_VERSION = 1;
				DEVELOPMENT_TEAM = 2PP24L425M;
				GENERATE_INFOPLIST_FILE = YES;
				INFOPLIST_FILE = WeatherTheStorm/Info.plist;
				INFOPLIST_KEY_UIApplicationSupportsIndirectInputEvents = YES;
				INFOPLIST_KEY_UILaunchStoryboardName = LaunchScreen;
				INFOPLIST_KEY_UIMainStoryboardFile = Main;
				INFOPLIST_KEY_UISupportedInterfaceOrientations_iPad = "UIInterfaceOrientationPortrait UIInterfaceOrientationPortraitUpsideDown UIInterfaceOrientationLandscapeLeft UIInterfaceOrientationLandscapeRight";
				INFOPLIST_KEY_UISupportedInterfaceOrientations_iPhone = "UIInterfaceOrientationPortrait UIInterfaceOrientationLandscapeLeft UIInterfaceOrientationLandscapeRight";
				LD_RUNPATH_SEARCH_PATHS = (
					"$(inherited)",
					"@executable_path/Frameworks",
				);
				MARKETING_VERSION = 1.0;
				PRODUCT_BUNDLE_IDENTIFIER = com.hughes.nathan.WeatherTheStorm;
				PRODUCT_NAME = "$(TARGET_NAME)";
				SWIFT_EMIT_LOC_STRINGS = YES;
				SWIFT_VERSION = 5.0;
				TARGETED_DEVICE_FAMILY = "1,2";
			};
			name = Debug;
		};
		46FCA6C12833EB980073CAFB /* Release */ = {
			isa = XCBuildConfiguration;
			buildSettings = {
				ASSETCATALOG_COMPILER_APPICON_NAME = AppIcon;
				ASSETCATALOG_COMPILER_GLOBAL_ACCENT_COLOR_NAME = AccentColor;
				CODE_SIGN_STYLE = Automatic;
				CURRENT_PROJECT_VERSION = 1;
				DEVELOPMENT_TEAM = 2PP24L425M;
				GENERATE_INFOPLIST_FILE = YES;
				INFOPLIST_FILE = WeatherTheStorm/Info.plist;
				INFOPLIST_KEY_UIApplicationSupportsIndirectInputEvents = YES;
				INFOPLIST_KEY_UILaunchStoryboardName = LaunchScreen;
				INFOPLIST_KEY_UIMainStoryboardFile = Main;
				INFOPLIST_KEY_UISupportedInterfaceOrientations_iPad = "UIInterfaceOrientationPortrait UIInterfaceOrientationPortraitUpsideDown UIInterfaceOrientationLandscapeLeft UIInterfaceOrientationLandscapeRight";
				INFOPLIST_KEY_UISupportedInterfaceOrientations_iPhone = "UIInterfaceOrientationPortrait UIInterfaceOrientationLandscapeLeft UIInterfaceOrientationLandscapeRight";
				LD_RUNPATH_SEARCH_PATHS = (
					"$(inherited)",
					"@executable_path/Frameworks",
				);
				MARKETING_VERSION = 1.0;
				PRODUCT_BUNDLE_IDENTIFIER = com.hughes.nathan.WeatherTheStorm;
				PRODUCT_NAME = "$(TARGET_NAME)";
				SWIFT_EMIT_LOC_STRINGS = YES;
				SWIFT_VERSION = 5.0;
				TARGETED_DEVICE_FAMILY = "1,2";
			};
			name = Release;
		};
		46FCA6C32833EB980073CAFB /* Debug */ = {
			isa = XCBuildConfiguration;
			buildSettings = {
				ALWAYS_EMBED_SWIFT_STANDARD_LIBRARIES = YES;
				BUNDLE_LOADER = "$(TEST_HOST)";
				CODE_SIGN_STYLE = Automatic;
				CURRENT_PROJECT_VERSION = 1;
				DEVELOPMENT_TEAM = 2PP24L425M;
				GENERATE_INFOPLIST_FILE = YES;
				IPHONEOS_DEPLOYMENT_TARGET = 15.2;
				MARKETING_VERSION = 1.0;
				PRODUCT_BUNDLE_IDENTIFIER = com.hughes.nathan.WeatherTheStormTests;
				PRODUCT_NAME = "$(TARGET_NAME)";
				SWIFT_EMIT_LOC_STRINGS = NO;
				SWIFT_VERSION = 5.0;
				TARGETED_DEVICE_FAMILY = "1,2";
				TEST_HOST = "$(BUILT_PRODUCTS_DIR)/WeatherTheStorm.app/WeatherTheStorm";
			};
			name = Debug;
		};
		46FCA6C42833EB980073CAFB /* Release */ = {
			isa = XCBuildConfiguration;
			buildSettings = {
				ALWAYS_EMBED_SWIFT_STANDARD_LIBRARIES = YES;
				BUNDLE_LOADER = "$(TEST_HOST)";
				CODE_SIGN_STYLE = Automatic;
				CURRENT_PROJECT_VERSION = 1;
				DEVELOPMENT_TEAM = 2PP24L425M;
				GENERATE_INFOPLIST_FILE = YES;
				IPHONEOS_DEPLOYMENT_TARGET = 15.2;
				MARKETING_VERSION = 1.0;
				PRODUCT_BUNDLE_IDENTIFIER = com.hughes.nathan.WeatherTheStormTests;
				PRODUCT_NAME = "$(TARGET_NAME)";
				SWIFT_EMIT_LOC_STRINGS = NO;
				SWIFT_VERSION = 5.0;
				TARGETED_DEVICE_FAMILY = "1,2";
				TEST_HOST = "$(BUILT_PRODUCTS_DIR)/WeatherTheStorm.app/WeatherTheStorm";
			};
			name = Release;
		};
		46FCA6C62833EB980073CAFB /* Debug */ = {
			isa = XCBuildConfiguration;
			buildSettings = {
				ALWAYS_EMBED_SWIFT_STANDARD_LIBRARIES = YES;
				CODE_SIGN_STYLE = Automatic;
				CURRENT_PROJECT_VERSION = 1;
				DEVELOPMENT_TEAM = 2PP24L425M;
				GENERATE_INFOPLIST_FILE = YES;
				MARKETING_VERSION = 1.0;
				PRODUCT_BUNDLE_IDENTIFIER = com.hughes.nathan.WeatherTheStormUITests;
				PRODUCT_NAME = "$(TARGET_NAME)";
				SWIFT_EMIT_LOC_STRINGS = NO;
				SWIFT_VERSION = 5.0;
				TARGETED_DEVICE_FAMILY = "1,2";
				TEST_TARGET_NAME = WeatherTheStorm;
			};
			name = Debug;
		};
		46FCA6C72833EB980073CAFB /* Release */ = {
			isa = XCBuildConfiguration;
			buildSettings = {
				ALWAYS_EMBED_SWIFT_STANDARD_LIBRARIES = YES;
				CODE_SIGN_STYLE = Automatic;
				CURRENT_PROJECT_VERSION = 1;
				DEVELOPMENT_TEAM = 2PP24L425M;
				GENERATE_INFOPLIST_FILE = YES;
				MARKETING_VERSION = 1.0;
				PRODUCT_BUNDLE_IDENTIFIER = com.hughes.nathan.WeatherTheStormUITests;
				PRODUCT_NAME = "$(TARGET_NAME)";
				SWIFT_EMIT_LOC_STRINGS = NO;
				SWIFT_VERSION = 5.0;
				TARGETED_DEVICE_FAMILY = "1,2";
				TEST_TARGET_NAME = WeatherTheStorm;
			};
			name = Release;
		};
/* End XCBuildConfiguration section */

/* Begin XCConfigurationList section */
		46FCA6902833EB980073CAFB /* Build configuration list for PBXProject "WeatherTheStorm" */ = {
			isa = XCConfigurationList;
			buildConfigurations = (
				46FCA6BD2833EB980073CAFB /* Debug */,
				46FCA6BE2833EB980073CAFB /* Release */,
			);
			defaultConfigurationIsVisible = 0;
			defaultConfigurationName = Release;
		};
		46FCA6BF2833EB980073CAFB /* Build configuration list for PBXNativeTarget "WeatherTheStorm" */ = {
			isa = XCConfigurationList;
			buildConfigurations = (
				46FCA6C02833EB980073CAFB /* Debug */,
				46FCA6C12833EB980073CAFB /* Release */,
			);
			defaultConfigurationIsVisible = 0;
			defaultConfigurationName = Release;
		};
		46FCA6C22833EB980073CAFB /* Build configuration list for PBXNativeTarget "WeatherTheStormTests" */ = {
			isa = XCConfigurationList;
			buildConfigurations = (
				46FCA6C32833EB980073CAFB /* Debug */,
				46FCA6C42833EB980073CAFB /* Release */,
			);
			defaultConfigurationIsVisible = 0;
			defaultConfigurationName = Release;
		};
		46FCA6C52833EB980073CAFB /* Build configuration list for PBXNativeTarget "WeatherTheStormUITests" */ = {
			isa = XCConfigurationList;
			buildConfigurations = (
				46FCA6C62833EB980073CAFB /* Debug */,
				46FCA6C72833EB980073CAFB /* Release */,
			);
			defaultConfigurationIsVisible = 0;
			defaultConfigurationName = Release;
		};
/* End XCConfigurationList section */
	};
	rootObject = 46FCA68D2833EB980073CAFB /* Project object */;
}
